// !$*UTF8*$!
{
	archiveVersion = 1;
	classes = {
	};
	objectVersion = 56;
	objects = {

/* Begin PBXBuildFile section */
		D0BA637229F3CF400080FD40 /* Mountain_ExplorerApp.swift in Sources */ = {isa = PBXBuildFile; fileRef = D0BA637129F3CF400080FD40 /* Mountain_ExplorerApp.swift */; };
		D0BA637429F3CF400080FD40 /* ContentView.swift in Sources */ = {isa = PBXBuildFile; fileRef = D0BA637329F3CF400080FD40 /* ContentView.swift */; };
		D0BA637629F3CF410080FD40 /* Assets.xcassets in Resources */ = {isa = PBXBuildFile; fileRef = D0BA637529F3CF410080FD40 /* Assets.xcassets */; };
		D0BA637929F3CF410080FD40 /* Preview Assets.xcassets in Resources */ = {isa = PBXBuildFile; fileRef = D0BA637829F3CF410080FD40 /* Preview Assets.xcassets */; };
		D0BA638029F3CFCC0080FD40 /* SearchBar.swift in Sources */ = {isa = PBXBuildFile; fileRef = D0BA637F29F3CFCC0080FD40 /* SearchBar.swift */; };
		D0BA638329F3D9B30080FD40 /* MainPageInfo.swift in Sources */ = {isa = PBXBuildFile; fileRef = D0BA638229F3D9B30080FD40 /* MainPageInfo.swift */; };
		D0BA638629F3DA960080FD40 /* EverySightView.swift in Sources */ = {isa = PBXBuildFile; fileRef = D0BA638529F3DA960080FD40 /* EverySightView.swift */; };
		D0BA638829F3E0450080FD40 /* MountainScrollView.swift in Sources */ = {isa = PBXBuildFile; fileRef = D0BA638729F3E0450080FD40 /* MountainScrollView.swift */; };
		D0BA638A29F3E8090080FD40 /* SelectPlan.swift in Sources */ = {isa = PBXBuildFile; fileRef = D0BA638929F3E8090080FD40 /* SelectPlan.swift */; };
		D0BA638D29F3F0020080FD40 /* FindDestinationView.swift in Sources */ = {isa = PBXBuildFile; fileRef = D0BA638C29F3F0020080FD40 /* FindDestinationView.swift */; };
		D0BA639029F41EFD0080FD40 /* MountainDetailswift.swift in Sources */ = {isa = PBXBuildFile; fileRef = D0BA638F29F41EFD0080FD40 /* MountainDetailswift.swift */; };
		D0BA639229F428040080FD40 /* RouteView.swift in Sources */ = {isa = PBXBuildFile; fileRef = D0BA639129F428040080FD40 /* RouteView.swift */; };
/* End PBXBuildFile section */

/* Begin PBXFileReference section */
		D0BA636E29F3CF400080FD40 /* Mountain Explorer.app */ = {isa = PBXFileReference; explicitFileType = wrapper.application; includeInIndex = 0; path = "Mountain Explorer.app"; sourceTree = BUILT_PRODUCTS_DIR; };
		D0BA637129F3CF400080FD40 /* Mountain_ExplorerApp.swift */ = {isa = PBXFileReference; lastKnownFileType = sourcecode.swift; path = Mountain_ExplorerApp.swift; sourceTree = "<group>"; };
		D0BA637329F3CF400080FD40 /* ContentView.swift */ = {isa = PBXFileReference; lastKnownFileType = sourcecode.swift; path = ContentView.swift; sourceTree = "<group>"; };
		D0BA637529F3CF410080FD40 /* Assets.xcassets */ = {isa = PBXFileReference; lastKnownFileType = folder.assetcatalog; path = Assets.xcassets; sourceTree = "<group>"; };
		D0BA637829F3CF410080FD40 /* Preview Assets.xcassets */ = {isa = PBXFileReference; lastKnownFileType = folder.assetcatalog; path = "Preview Assets.xcassets"; sourceTree = "<group>"; };
		D0BA637F29F3CFCC0080FD40 /* SearchBar.swift */ = {isa = PBXFileReference; lastKnownFileType = sourcecode.swift; path = SearchBar.swift; sourceTree = "<group>"; };
		D0BA638229F3D9B30080FD40 /* MainPageInfo.swift */ = {isa = PBXFileReference; lastKnownFileType = sourcecode.swift; path = MainPageInfo.swift; sourceTree = "<group>"; };
		D0BA638529F3DA960080FD40 /* EverySightView.swift */ = {isa = PBXFileReference; lastKnownFileType = sourcecode.swift; path = EverySightView.swift; sourceTree = "<group>"; };
		D0BA638729F3E0450080FD40 /* MountainScrollView.swift */ = {isa = PBXFileReference; lastKnownFileType = sourcecode.swift; path = MountainScrollView.swift; sourceTree = "<group>"; };
		D0BA638929F3E8090080FD40 /* SelectPlan.swift */ = {isa = PBXFileReference; lastKnownFileType = sourcecode.swift; path = SelectPlan.swift; sourceTree = "<group>"; };
		D0BA638C29F3F0020080FD40 /* FindDestinationView.swift */ = {isa = PBXFileReference; lastKnownFileType = sourcecode.swift; path = FindDestinationView.swift; sourceTree = "<group>"; };
		D0BA638F29F41EFD0080FD40 /* MountainDetailswift.swift */ = {isa = PBXFileReference; lastKnownFileType = sourcecode.swift; path = MountainDetailswift.swift; sourceTree = "<group>"; };
		D0BA639129F428040080FD40 /* RouteView.swift */ = {isa = PBXFileReference; lastKnownFileType = sourcecode.swift; path = RouteView.swift; sourceTree = "<group>"; };
/* End PBXFileReference section */

/* Begin PBXFrameworksBuildPhase section */
		D0BA636B29F3CF400080FD40 /* Frameworks */ = {
			isa = PBXFrameworksBuildPhase;
			buildActionMask = 2147483647;
			files = (
			);
			runOnlyForDeploymentPostprocessing = 0;
		};
/* End PBXFrameworksBuildPhase section */

/* Begin PBXGroup section */
		D0BA636529F3CF400080FD40 = {
			isa = PBXGroup;
			children = (
				D0BA639129F428040080FD40 /* RouteView.swift */,
				D0BA638E29F41EEC0080FD40 /* MountainDetail */,
				D0BA638B29F3EFFA0080FD40 /* FindDestination */,
				D0BA637029F3CF400080FD40 /* Mountain Explorer */,
				D0BA636F29F3CF400080FD40 /* Products */,
			);
			sourceTree = "<group>";
		};
		D0BA636F29F3CF400080FD40 /* Products */ = {
			isa = PBXGroup;
			children = (
				D0BA636E29F3CF400080FD40 /* Mountain Explorer.app */,
			);
			name = Products;
			sourceTree = "<group>";
		};
		D0BA637029F3CF400080FD40 /* Mountain Explorer */ = {
			isa = PBXGroup;
			children = (
				D0BA638429F3DA730080FD40 /* MainPageComponents */,
				D0BA638129F3D9A00080FD40 /* Model */,
				D0BA637129F3CF400080FD40 /* Mountain_ExplorerApp.swift */,
				D0BA637329F3CF400080FD40 /* ContentView.swift */,
				D0BA637529F3CF410080FD40 /* Assets.xcassets */,
				D0BA637729F3CF410080FD40 /* Preview Content */,
			);
			path = "Mountain Explorer";
			sourceTree = "<group>";
		};
		D0BA637729F3CF410080FD40 /* Preview Content */ = {
			isa = PBXGroup;
			children = (
				D0BA637829F3CF410080FD40 /* Preview Assets.xcassets */,
			);
			path = "Preview Content";
			sourceTree = "<group>";
		};
		D0BA638129F3D9A00080FD40 /* Model */ = {
			isa = PBXGroup;
			children = (
				D0BA638229F3D9B30080FD40 /* MainPageInfo.swift */,
			);
			path = Model;
			sourceTree = "<group>";
		};
		D0BA638429F3DA730080FD40 /* MainPageComponents */ = {
			isa = PBXGroup;
			children = (
				D0BA637F29F3CFCC0080FD40 /* SearchBar.swift */,
				D0BA638529F3DA960080FD40 /* EverySightView.swift */,
				D0BA638729F3E0450080FD40 /* MountainScrollView.swift */,
				D0BA638929F3E8090080FD40 /* SelectPlan.swift */,
			);
			path = MainPageComponents;
			sourceTree = "<group>";
		};
		D0BA638B29F3EFFA0080FD40 /* FindDestination */ = {
			isa = PBXGroup;
			children = (
				D0BA638C29F3F0020080FD40 /* FindDestinationView.swift */,
			);
			path = FindDestination;
			sourceTree = "<group>";
		};
		D0BA638E29F41EEC0080FD40 /* MountainDetail */ = {
			isa = PBXGroup;
			children = (
				D0BA638F29F41EFD0080FD40 /* MountainDetailswift.swift */,
			);
			path = MountainDetail;
			sourceTree = "<group>";
		};
/* End PBXGroup section */

/* Begin PBXNativeTarget section */
		D0BA636D29F3CF400080FD40 /* Mountain Explorer */ = {
			isa = PBXNativeTarget;
			buildConfigurationList = D0BA637C29F3CF410080FD40 /* Build configuration list for PBXNativeTarget "Mountain Explorer" */;
			buildPhases = (
				D0BA636A29F3CF400080FD40 /* Sources */,
				D0BA636B29F3CF400080FD40 /* Frameworks */,
				D0BA636C29F3CF400080FD40 /* Resources */,
			);
			buildRules = (
			);
			dependencies = (
			);
			name = "Mountain Explorer";
			productName = "Mountain Explorer";
			productReference = D0BA636E29F3CF400080FD40 /* Mountain Explorer.app */;
			productType = "com.apple.product-type.application";
		};
/* End PBXNativeTarget section */

/* Begin PBXProject section */
		D0BA636629F3CF400080FD40 /* Project object */ = {
			isa = PBXProject;
			attributes = {
				BuildIndependentTargetsInParallel = 1;
				LastSwiftUpdateCheck = 1430;
				LastUpgradeCheck = 1430;
				TargetAttributes = {
					D0BA636D29F3CF400080FD40 = {
						CreatedOnToolsVersion = 14.3;
					};
				};
			};
			buildConfigurationList = D0BA636929F3CF400080FD40 /* Build configuration list for PBXProject "Mountain Explorer" */;
			compatibilityVersion = "Xcode 14.0";
			developmentRegion = en;
			hasScannedForEncodings = 0;
			knownRegions = (
				en,
				Base,
			);
			mainGroup = D0BA636529F3CF400080FD40;
			productRefGroup = D0BA636F29F3CF400080FD40 /* Products */;
			projectDirPath = "";
			projectRoot = "";
			targets = (
				D0BA636D29F3CF400080FD40 /* Mountain Explorer */,
			);
		};
/* End PBXProject section */

/* Begin PBXResourcesBuildPhase section */
		D0BA636C29F3CF400080FD40 /* Resources */ = {
			isa = PBXResourcesBuildPhase;
			buildActionMask = 2147483647;
			files = (
				D0BA637929F3CF410080FD40 /* Preview Assets.xcassets in Resources */,
				D0BA637629F3CF410080FD40 /* Assets.xcassets in Resources */,
			);
			runOnlyForDeploymentPostprocessing = 0;
		};
/* End PBXResourcesBuildPhase section */

/* Begin PBXSourcesBuildPhase section */
		D0BA636A29F3CF400080FD40 /* Sources */ = {
			isa = PBXSourcesBuildPhase;
			buildActionMask = 2147483647;
			files = (
				D0BA637429F3CF400080FD40 /* ContentView.swift in Sources */,
				D0BA637229F3CF400080FD40 /* Mountain_ExplorerApp.swift in Sources */,
				D0BA638D29F3F0020080FD40 /* FindDestinationView.swift in Sources */,
				D0BA638029F3CFCC0080FD40 /* SearchBar.swift in Sources */,
				D0BA638329F3D9B30080FD40 /* MainPageInfo.swift in Sources */,
				D0BA638A29F3E8090080FD40 /* SelectPlan.swift in Sources */,
				D0BA639229F428040080FD40 /* RouteView.swift in Sources */,
				D0BA638829F3E0450080FD40 /* MountainScrollView.swift in Sources */,
				D0BA639029F41EFD0080FD40 /* MountainDetailswift.swift in Sources */,
				D0BA638629F3DA960080FD40 /* EverySightView.swift in Sources */,
			);
			runOnlyForDeploymentPostprocessing = 0;
		};
/* End PBXSourcesBuildPhase section */

/* Begin XCBuildConfiguration section */
		D0BA637A29F3CF410080FD40 /* Debug */ = {
			isa = XCBuildConfiguration;
			buildSettings = {
				ALWAYS_SEARCH_USER_PATHS = NO;
				CLANG_ANALYZER_NONNULL = YES;
				CLANG_ANALYZER_NUMBER_OBJECT_CONVERSION = YES_AGGRESSIVE;
				CLANG_CXX_LANGUAGE_STANDARD = "gnu++20";
				CLANG_ENABLE_MODULES = YES;
				CLANG_ENABLE_OBJC_ARC = YES;
				CLANG_ENABLE_OBJC_WEAK = YES;
				CLANG_WARN_BLOCK_CAPTURE_AUTORELEASING = YES;
				CLANG_WARN_BOOL_CONVERSION = YES;
				CLANG_WARN_COMMA = YES;
				CLANG_WARN_CONSTANT_CONVERSION = YES;
				CLANG_WARN_DEPRECATED_OBJC_IMPLEMENTATIONS = YES;
				CLANG_WARN_DIRECT_OBJC_ISA_USAGE = YES_ERROR;
				CLANG_WARN_DOCUMENTATION_COMMENTS = YES;
				CLANG_WARN_EMPTY_BODY = YES;
				CLANG_WARN_ENUM_CONVERSION = YES;
				CLANG_WARN_INFINITE_RECURSION = YES;
				CLANG_WARN_INT_CONVERSION = YES;
				CLANG_WARN_NON_LITERAL_NULL_CONVERSION = YES;
				CLANG_WARN_OBJC_IMPLICIT_RETAIN_SELF = YES;
				CLANG_WARN_OBJC_LITERAL_CONVERSION = YES;
				CLANG_WARN_OBJC_ROOT_CLASS = YES_ERROR;
				CLANG_WARN_QUOTED_INCLUDE_IN_FRAMEWORK_HEADER = YES;
				CLANG_WARN_RANGE_LOOP_ANALYSIS = YES;
				CLANG_WARN_STRICT_PROTOTYPES = YES;
				CLANG_WARN_SUSPICIOUS_MOVE = YES;
				CLANG_WARN_UNGUARDED_AVAILABILITY = YES_AGGRESSIVE;
				CLANG_WARN_UNREACHABLE_CODE = YES;
				CLANG_WARN__DUPLICATE_METHOD_MATCH = YES;
				COPY_PHASE_STRIP = NO;
				DEBUG_INFORMATION_FORMAT = dwarf;
				ENABLE_STRICT_OBJC_MSGSEND = YES;
				ENABLE_TESTABILITY = YES;
				GCC_C_LANGUAGE_STANDARD = gnu11;
				GCC_DYNAMIC_NO_PIC = NO;
				GCC_NO_COMMON_BLOCKS = YES;
				GCC_OPTIMIZATION_LEVEL = 0;
				GCC_PREPROCESSOR_DEFINITIONS = (
					"DEBUG=1",
					"$(inherited)",
				);
				GCC_WARN_64_TO_32_BIT_CONVERSION = YES;
				GCC_WARN_ABOUT_RETURN_TYPE = YES_ERROR;
				GCC_WARN_UNDECLARED_SELECTOR = YES;
				GCC_WARN_UNINITIALIZED_AUTOS = YES_AGGRESSIVE;
				GCC_WARN_UNUSED_FUNCTION = YES;
				GCC_WARN_UNUSED_VARIABLE = YES;
				IPHONEOS_DEPLOYMENT_TARGET = 16.4;
				MTL_ENABLE_DEBUG_INFO = INCLUDE_SOURCE;
				MTL_FAST_MATH = YES;
				ONLY_ACTIVE_ARCH = YES;
				SDKROOT = iphoneos;
				SWIFT_ACTIVE_COMPILATION_CONDITIONS = DEBUG;
				SWIFT_OPTIMIZATION_LEVEL = "-Onone";
			};
			name = Debug;
		};
		D0BA637B29F3CF410080FD40 /* Release */ = {
			isa = XCBuildConfiguration;
			buildSettings = {
				ALWAYS_SEARCH_USER_PATHS = NO;
				CLANG_ANALYZER_NONNULL = YES;
				CLANG_ANALYZER_NUMBER_OBJECT_CONVERSION = YES_AGGRESSIVE;
				CLANG_CXX_LANGUAGE_STANDARD = "gnu++20";
				CLANG_ENABLE_MODULES = YES;
				CLANG_ENABLE_OBJC_ARC = YES;
				CLANG_ENABLE_OBJC_WEAK = YES;
				CLANG_WARN_BLOCK_CAPTURE_AUTORELEASING = YES;
				CLANG_WARN_BOOL_CONVERSION = YES;
				CLANG_WARN_COMMA = YES;
				CLANG_WARN_CONSTANT_CONVERSION = YES;
				CLANG_WARN_DEPRECATED_OBJC_IMPLEMENTATIONS = YES;
				CLANG_WARN_DIRECT_OBJC_ISA_USAGE = YES_ERROR;
				CLANG_WARN_DOCUMENTATION_COMMENTS = YES;
				CLANG_WARN_EMPTY_BODY = YES;
				CLANG_WARN_ENUM_CONVERSION = YES;
				CLANG_WARN_INFINITE_RECURSION = YES;
				CLANG_WARN_INT_CONVERSION = YES;
				CLANG_WARN_NON_LITERAL_NULL_CONVERSION = YES;
				CLANG_WARN_OBJC_IMPLICIT_RETAIN_SELF = YES;
				CLANG_WARN_OBJC_LITERAL_CONVERSION = YES;
				CLANG_WARN_OBJC_ROOT_CLASS = YES_ERROR;
				CLANG_WARN_QUOTED_INCLUDE_IN_FRAMEWORK_HEADER = YES;
				CLANG_WARN_RANGE_LOOP_ANALYSIS = YES;
				CLANG_WARN_STRICT_PROTOTYPES = YES;
				CLANG_WARN_SUSPICIOUS_MOVE = YES;
				CLANG_WARN_UNGUARDED_AVAILABILITY = YES_AGGRESSIVE;
				CLANG_WARN_UNREACHABLE_CODE = YES;
				CLANG_WARN__DUPLICATE_METHOD_MATCH = YES;
				COPY_PHASE_STRIP = NO;
				DEBUG_INFORMATION_FORMAT = "dwarf-with-dsym";
				ENABLE_NS_ASSERTIONS = NO;
				ENABLE_STRICT_OBJC_MSGSEND = YES;
				GCC_C_LANGUAGE_STANDARD = gnu11;
				GCC_NO_COMMON_BLOCKS = YES;
				GCC_WARN_64_TO_32_BIT_CONVERSION = YES;
				GCC_WARN_ABOUT_RETURN_TYPE = YES_ERROR;
				GCC_WARN_UNDECLARED_SELECTOR = YES;
				GCC_WARN_UNINITIALIZED_AUTOS = YES_AGGRESSIVE;
				GCC_WARN_UNUSED_FUNCTION = YES;
				GCC_WARN_UNUSED_VARIABLE = YES;
				IPHONEOS_DEPLOYMENT_TARGET = 16.4;
				MTL_ENABLE_DEBUG_INFO = NO;
				MTL_FAST_MATH = YES;
				SDKROOT = iphoneos;
				SWIFT_COMPILATION_MODE = wholemodule;
				SWIFT_OPTIMIZATION_LEVEL = "-O";
				VALIDATE_PRODUCT = YES;
			};
			name = Release;
		};
		D0BA637D29F3CF410080FD40 /* Debug */ = {
			isa = XCBuildConfiguration;
			buildSettings = {
				ASSETCATALOG_COMPILER_APPICON_NAME = AppIcon;
				ASSETCATALOG_COMPILER_GLOBAL_ACCENT_COLOR_NAME = AccentColor;
				CODE_SIGN_STYLE = Automatic;
				CURRENT_PROJECT_VERSION = 1;
				DEVELOPMENT_ASSET_PATHS = "\"Mountain Explorer/Preview Content\"";
				DEVELOPMENT_TEAM = 6W3JQ99DH2;
				ENABLE_PREVIEWS = YES;
				GENERATE_INFOPLIST_FILE = YES;
				INFOPLIST_KEY_UIApplicationSceneManifest_Generation = YES;
				INFOPLIST_KEY_UIApplicationSupportsIndirectInputEvents = YES;
				INFOPLIST_KEY_UILaunchScreen_Generation = YES;
				INFOPLIST_KEY_UISupportedInterfaceOrientations_iPad = "UIInterfaceOrientationPortrait UIInterfaceOrientationPortraitUpsideDown UIInterfaceOrientationLandscapeLeft UIInterfaceOrientationLandscapeRight";
				INFOPLIST_KEY_UISupportedInterfaceOrientations_iPhone = "UIInterfaceOrientationPortrait UIInterfaceOrientationLandscapeLeft UIInterfaceOrientationLandscapeRight";
				LD_RUNPATH_SEARCH_PATHS = (
					"$(inherited)",
					"@executable_path/Frameworks",
				);
				MARKETING_VERSION = 1.0;
				PRODUCT_BUNDLE_IDENTIFIER = "TomorrowMc.Mountain-Explorer";
				PRODUCT_NAME = "$(TARGET_NAME)";
				SWIFT_EMIT_LOC_STRINGS = YES;
				SWIFT_VERSION = 5.0;
				TARGETED_DEVICE_FAMILY = "1,2";
			};
			name = Debug;
		};
		D0BA637E29F3CF410080FD40 /* Release */ = {
			isa = XCBuildConfiguration;
			buildSettings = {
				ASSETCATALOG_COMPILER_APPICON_NAME = AppIcon;
				ASSETCATALOG_COMPILER_GLOBAL_ACCENT_COLOR_NAME = AccentColor;
				CODE_SIGN_STYLE = Automatic;
				CURRENT_PROJECT_VERSION = 1;
				DEVELOPMENT_ASSET_PATHS = "\"Mountain Explorer/Preview Content\"";
				DEVELOPMENT_TEAM = 6W3JQ99DH2;
				ENABLE_PREVIEWS = YES;
				GENERATE_INFOPLIST_FILE = YES;
				INFOPLIST_KEY_UIApplicationSceneManifest_Generation = YES;
				INFOPLIST_KEY_UIApplicationSupportsIndirectInputEvents = YES;
				INFOPLIST_KEY_UILaunchScreen_Generation = YES;
				INFOPLIST_KEY_UISupportedInterfaceOrientations_iPad = "UIInterfaceOrientationPortrait UIInterfaceOrientationPortraitUpsideDown UIInterfaceOrientationLandscapeLeft UIInterfaceOrientationLandscapeRight";
				INFOPLIST_KEY_UISupportedInterfaceOrientations_iPhone = "UIInterfaceOrientationPortrait UIInterfaceOrientationLandscapeLeft UIInterfaceOrientationLandscapeRight";
				LD_RUNPATH_SEARCH_PATHS = (
					"$(inherited)",
					"@executable_path/Frameworks",
				);
				MARKETING_VERSION = 1.0;
				PRODUCT_BUNDLE_IDENTIFIER = "TomorrowMc.Mountain-Explorer";
				PRODUCT_NAME = "$(TARGET_NAME)";
				SWIFT_EMIT_LOC_STRINGS = YES;
				SWIFT_VERSION = 5.0;
				TARGETED_DEVICE_FAMILY = "1,2";
			};
			name = Release;
		};
/* End XCBuildConfiguration section */

/* Begin XCConfigurationList section */
		D0BA636929F3CF400080FD40 /* Build configuration list for PBXProject "Mountain Explorer" */ = {
			isa = XCConfigurationList;
			buildConfigurations = (
				D0BA637A29F3CF410080FD40 /* Debug */,
				D0BA637B29F3CF410080FD40 /* Release */,
			);
			defaultConfigurationIsVisible = 0;
			defaultConfigurationName = Release;
		};
		D0BA637C29F3CF410080FD40 /* Build configuration list for PBXNativeTarget "Mountain Explorer" */ = {
			isa = XCConfigurationList;
			buildConfigurations = (
				D0BA637D29F3CF410080FD40 /* Debug */,
				D0BA637E29F3CF410080FD40 /* Release */,
			);
			defaultConfigurationIsVisible = 0;
			defaultConfigurationName = Release;
		};
/* End XCConfigurationList section */
	};
	rootObject = D0BA636629F3CF400080FD40 /* Project object */;
}
